// !$*UTF8*$!
{
	archiveVersion = 1;
	classes = {
	};
	objectVersion = 50;
	objects = {

/* Begin PBXBuildFile section */
		11DBF83DC8769DDA8C0F989C /* Pods_TestLibApp.framework in Frameworks */ = {isa = PBXBuildFile; fileRef = 6A8DA465B08D814D7D95A32B /* Pods_TestLibApp.framework */; };
		DEF2C9CC21EE04A600920D27 /* AppDelegate.swift in Sources */ = {isa = PBXBuildFile; fileRef = DEF2C9CB21EE04A600920D27 /* AppDelegate.swift */; };
		DEF2C9CE21EE04A600920D27 /* ViewController.swift in Sources */ = {isa = PBXBuildFile; fileRef = DEF2C9CD21EE04A600920D27 /* ViewController.swift */; };
		DEF2C9D121EE04A600920D27 /* Main.storyboard in Resources */ = {isa = PBXBuildFile; fileRef = DEF2C9CF21EE04A600920D27 /* Main.storyboard */; };
		DEF2C9D321EE04A800920D27 /* Assets.xcassets in Resources */ = {isa = PBXBuildFile; fileRef = DEF2C9D221EE04A800920D27 /* Assets.xcassets */; };
		DEF2C9D621EE04A800920D27 /* LaunchScreen.storyboard in Resources */ = {isa = PBXBuildFile; fileRef = DEF2C9D421EE04A800920D27 /* LaunchScreen.storyboard */; };
/* End PBXBuildFile section */

/* Begin PBXFileReference section */
		6A8DA465B08D814D7D95A32B /* Pods_TestLibApp.framework */ = {isa = PBXFileReference; explicitFileType = wrapper.framework; includeInIndex = 0; path = Pods_TestLibApp.framework; sourceTree = BUILT_PRODUCTS_DIR; };
		74BDB5B00D129C4345828F44 /* Pods-TestLibApp.debug.xcconfig */ = {isa = PBXFileReference; includeInIndex = 1; lastKnownFileType = text.xcconfig; name = "Pods-TestLibApp.debug.xcconfig"; path = "Pods/Target Support Files/Pods-TestLibApp/Pods-TestLibApp.debug.xcconfig"; sourceTree = "<group>"; };
		DD5F1E01304288AE48074A79 /* Pods-TestLibApp.release.xcconfig */ = {isa = PBXFileReference; includeInIndex = 1; lastKnownFileType = text.xcconfig; name = "Pods-TestLibApp.release.xcconfig"; path = "Pods/Target Support Files/Pods-TestLibApp/Pods-TestLibApp.release.xcconfig"; sourceTree = "<group>"; };
		DEF2C9C821EE04A600920D27 /* TestLibApp.app */ = {isa = PBXFileReference; explicitFileType = wrapper.application; includeInIndex = 0; path = TestLibApp.app; sourceTree = BUILT_PRODUCTS_DIR; };
		DEF2C9CB21EE04A600920D27 /* AppDelegate.swift */ = {isa = PBXFileReference; lastKnownFileType = sourcecode.swift; path = AppDelegate.swift; sourceTree = "<group>"; };
		DEF2C9CD21EE04A600920D27 /* ViewController.swift */ = {isa = PBXFileReference; lastKnownFileType = sourcecode.swift; path = ViewController.swift; sourceTree = "<group>"; };
		DEF2C9D021EE04A600920D27 /* Base */ = {isa = PBXFileReference; lastKnownFileType = file.storyboard; name = Base; path = Base.lproj/Main.storyboard; sourceTree = "<group>"; };
		DEF2C9D221EE04A800920D27 /* Assets.xcassets */ = {isa = PBXFileReference; lastKnownFileType = folder.assetcatalog; path = Assets.xcassets; sourceTree = "<group>"; };
		DEF2C9D521EE04A800920D27 /* Base */ = {isa = PBXFileReference; lastKnownFileType = file.storyboard; name = Base; path = Base.lproj/LaunchScreen.storyboard; sourceTree = "<group>"; };
		DEF2C9D721EE04A800920D27 /* Info.plist */ = {isa = PBXFileReference; lastKnownFileType = text.plist.xml; path = Info.plist; sourceTree = "<group>"; };
/* End PBXFileReference section */

/* Begin PBXFrameworksBuildPhase section */
		DEF2C9C521EE04A600920D27 /* Frameworks */ = {
			isa = PBXFrameworksBuildPhase;
			buildActionMask = 2147483647;
			files = (
				11DBF83DC8769DDA8C0F989C /* Pods_TestLibApp.framework in Frameworks */,
			);
			runOnlyForDeploymentPostprocessing = 0;
		};
/* End PBXFrameworksBuildPhase section */

/* Begin PBXGroup section */
		592FB83382464241F82CF10E /* Frameworks */ = {
			isa = PBXGroup;
			children = (
				6A8DA465B08D814D7D95A32B /* Pods_TestLibApp.framework */,
			);
			name = Frameworks;
			sourceTree = "<group>";
		};
		B7F39E5051C48FE3C5009893 /* Pods */ = {
			isa = PBXGroup;
			children = (
				74BDB5B00D129C4345828F44 /* Pods-TestLibApp.debug.xcconfig */,
				DD5F1E01304288AE48074A79 /* Pods-TestLibApp.release.xcconfig */,
			);
			name = Pods;
			sourceTree = "<group>";
		};
		DEF2C9BF21EE04A600920D27 = {
			isa = PBXGroup;
			children = (
				DEF2C9CA21EE04A600920D27 /* TestLibApp */,
				DEF2C9C921EE04A600920D27 /* Products */,
				B7F39E5051C48FE3C5009893 /* Pods */,
				592FB83382464241F82CF10E /* Frameworks */,
			);
			sourceTree = "<group>";
		};
		DEF2C9C921EE04A600920D27 /* Products */ = {
			isa = PBXGroup;
			children = (
				DEF2C9C821EE04A600920D27 /* TestLibApp.app */,
			);
			name = Products;
			sourceTree = "<group>";
		};
		DEF2C9CA21EE04A600920D27 /* TestLibApp */ = {
			isa = PBXGroup;
			children = (
				DEF2C9CB21EE04A600920D27 /* AppDelegate.swift */,
				DEF2C9CD21EE04A600920D27 /* ViewController.swift */,
				DEF2C9CF21EE04A600920D27 /* Main.storyboard */,
				DEF2C9D221EE04A800920D27 /* Assets.xcassets */,
				DEF2C9D421EE04A800920D27 /* LaunchScreen.storyboard */,
				DEF2C9D721EE04A800920D27 /* Info.plist */,
			);
			path = TestLibApp;
			sourceTree = "<group>";
		};
/* End PBXGroup section */

/* Begin PBXNativeTarget section */
		DEF2C9C721EE04A600920D27 /* TestLibApp */ = {
			isa = PBXNativeTarget;
			buildConfigurationList = DEF2C9DA21EE04A800920D27 /* Build configuration list for PBXNativeTarget "TestLibApp" */;
			buildPhases = (
				D977DC46FE2DDE96F9180BC3 /* [CP] Check Pods Manifest.lock */,
				DEF2C9C421EE04A600920D27 /* Sources */,
				DEF2C9C521EE04A600920D27 /* Frameworks */,
				DEF2C9C621EE04A600920D27 /* Resources */,
				86F67E7BDCC8B23B61A652C6 /* [CP] Embed Pods Frameworks */,
			);
			buildRules = (
			);
			dependencies = (
			);
			name = TestLibApp;
			productName = TestLibApp;
			productReference = DEF2C9C821EE04A600920D27 /* TestLibApp.app */;
			productType = "com.apple.product-type.application";
		};
/* End PBXNativeTarget section */

/* Begin PBXProject section */
		DEF2C9C021EE04A600920D27 /* Project object */ = {
			isa = PBXProject;
			attributes = {
				LastSwiftUpdateCheck = 1010;
				LastUpgradeCheck = 1010;
				ORGANIZATIONNAME = "Leigh Hall";
				TargetAttributes = {
					DEF2C9C721EE04A600920D27 = {
						CreatedOnToolsVersion = 10.1;
					};
				};
			};
			buildConfigurationList = DEF2C9C321EE04A600920D27 /* Build configuration list for PBXProject "TestLibApp" */;
			compatibilityVersion = "Xcode 9.3";
			developmentRegion = en;
			hasScannedForEncodings = 0;
			knownRegions = (
				en,
				Base,
			);
			mainGroup = DEF2C9BF21EE04A600920D27;
			productRefGroup = DEF2C9C921EE04A600920D27 /* Products */;
			projectDirPath = "";
			projectRoot = "";
			targets = (
				DEF2C9C721EE04A600920D27 /* TestLibApp */,
			);
		};
/* End PBXProject section */

/* Begin PBXResourcesBuildPhase section */
		DEF2C9C621EE04A600920D27 /* Resources */ = {
			isa = PBXResourcesBuildPhase;
			buildActionMask = 2147483647;
			files = (
				DEF2C9D621EE04A800920D27 /* LaunchScreen.storyboard in Resources */,
				DEF2C9D321EE04A800920D27 /* Assets.xcassets in Resources */,
				DEF2C9D121EE04A600920D27 /* Main.storyboard in Resources */,
			);
			runOnlyForDeploymentPostprocessing = 0;
		};
/* End PBXResourcesBuildPhase section */

/* Begin PBXShellScriptBuildPhase section */
		86F67E7BDCC8B23B61A652C6 /* [CP] Embed Pods Frameworks */ = {
			isa = PBXShellScriptBuildPhase;
			buildActionMask = 2147483647;
			files = (
			);
			inputPaths = (
				"${SRCROOT}/Pods/Target Support Files/Pods-TestLibApp/Pods-TestLibApp-frameworks.sh",
				"${BUILT_PRODUCTS_DIR}/testcommon/testcommon.framework",
				"${BUILT_PRODUCTS_DIR}/testlibA/testlibA.framework",
				"${BUILT_PRODUCTS_DIR}/testlibB/testlibB.framework",
			);
			name = "[CP] Embed Pods Frameworks";
			outputPaths = (
				"${TARGET_BUILD_DIR}/${FRAMEWORKS_FOLDER_PATH}/testcommon.framework",
				"${TARGET_BUILD_DIR}/${FRAMEWORKS_FOLDER_PATH}/testlibA.framework",
				"${TARGET_BUILD_DIR}/${FRAMEWORKS_FOLDER_PATH}/testlibB.framework",
			);
			runOnlyForDeploymentPostprocessing = 0;
			shellPath = /bin/sh;
			shellScript = "\"${SRCROOT}/Pods/Target Support Files/Pods-TestLibApp/Pods-TestLibApp-frameworks.sh\"\n";
			showEnvVarsInLog = 0;
		};
		D977DC46FE2DDE96F9180BC3 /* [CP] Check Pods Manifest.lock */ = {
			isa = PBXShellScriptBuildPhase;
			buildActionMask = 2147483647;
			files = (
			);
			inputPaths = (
				"${PODS_PODFILE_DIR_PATH}/Podfile.lock",
				"${PODS_ROOT}/Manifest.lock",
			);
			name = "[CP] Check Pods Manifest.lock";
			outputPaths = (
				"$(DERIVED_FILE_DIR)/Pods-TestLibApp-checkManifestLockResult.txt",
			);
			runOnlyForDeploymentPostprocessing = 0;
			shellPath = /bin/sh;
			shellScript = "diff \"${PODS_PODFILE_DIR_PATH}/Podfile.lock\" \"${PODS_ROOT}/Manifest.lock\" > /dev/null\nif [ $? != 0 ] ; then\n    # print error to STDERR\n    echo \"error: The sandbox is not in sync with the Podfile.lock. Run 'pod install' or update your CocoaPods installation.\" >&2\n    exit 1\nfi\n# This output is used by Xcode 'outputs' to avoid re-running this script phase.\necho \"SUCCESS\" > \"${SCRIPT_OUTPUT_FILE_0}\"\n";
			showEnvVarsInLog = 0;
		};
/* End PBXShellScriptBuildPhase section */

/* Begin PBXSourcesBuildPhase section */
		DEF2C9C421EE04A600920D27 /* Sources */ = {
			isa = PBXSourcesBuildPhase;
			buildActionMask = 2147483647;
			files = (
				DEF2C9CE21EE04A600920D27 /* ViewController.swift in Sources */,
				DEF2C9CC21EE04A600920D27 /* AppDelegate.swift in Sources */,
			);
			runOnlyForDeploymentPostprocessing = 0;
		};
/* End PBXSourcesBuildPhase section */

/* Begin PBXVariantGroup section */
		DEF2C9CF21EE04A600920D27 /* Main.storyboard */ = {
			isa = PBXVariantGroup;
			children = (
				DEF2C9D021EE04A600920D27 /* Base */,
			);
			name = Main.storyboard;
			sourceTree = "<group>";
		};
		DEF2C9D421EE04A800920D27 /* LaunchScreen.storyboard */ = {
			isa = PBXVariantGroup;
			children = (
				DEF2C9D521EE04A800920D27 /* Base */,
			);
			name = LaunchScreen.storyboard;
			sourceTree = "<group>";
		};
/* End PBXVariantGroup section */

/* Begin XCBuildConfiguration section */
		DEF2C9D821EE04A800920D27 /* Debug */ = {
			isa = XCBuildConfiguration;
			buildSettings = {
				ALWAYS_SEARCH_USER_PATHS = NO;
				CLANG_ANALYZER_NONNULL = YES;
				CLANG_ANALYZER_NUMBER_OBJECT_CONVERSION = YES_AGGRESSIVE;
				CLANG_CXX_LANGUAGE_STANDARD = "gnu++14";
				CLANG_CXX_LIBRARY = "libc++";
				CLANG_ENABLE_MODULES = YES;
				CLANG_ENABLE_OBJC_ARC = YES;
				CLANG_ENABLE_OBJC_WEAK = YES;
				CLANG_WARN_BLOCK_CAPTURE_AUTORELEASING = YES;
				CLANG_WARN_BOOL_CONVERSION = YES;
				CLANG_WARN_COMMA = YES;
				CLANG_WARN_CONSTANT_CONVERSION = YES;
				CLANG_WARN_DEPRECATED_OBJC_IMPLEMENTATIONS = YES;
				CLANG_WARN_DIRECT_OBJC_ISA_USAGE = YES_ERROR;
				CLANG_WARN_DOCUMENTATION_COMMENTS = YES;
				CLANG_WARN_EMPTY_BODY = YES;
				CLANG_WARN_ENUM_CONVERSION = YES;
				CLANG_WARN_INFINITE_RECURSION = YES;
				CLANG_WARN_INT_CONVERSION = YES;
				CLANG_WARN_NON_LITERAL_NULL_CONVERSION = YES;
				CLANG_WARN_OBJC_IMPLICIT_RETAIN_SELF = YES;
				CLANG_WARN_OBJC_LITERAL_CONVERSION = YES;
				CLANG_WARN_OBJC_ROOT_CLASS = YES_ERROR;
				CLANG_WARN_RANGE_LOOP_ANALYSIS = YES;
				CLANG_WARN_STRICT_PROTOTYPES = YES;
				CLANG_WARN_SUSPICIOUS_MOVE = YES;
				CLANG_WARN_UNGUARDED_AVAILABILITY = YES_AGGRESSIVE;
				CLANG_WARN_UNREACHABLE_CODE = YES;
				CLANG_WARN__DUPLICATE_METHOD_MATCH = YES;
				CODE_SIGN_IDENTITY = "iPhone Developer";
				COPY_PHASE_STRIP = NO;
				DEBUG_INFORMATION_FORMAT = dwarf;
				ENABLE_STRICT_OBJC_MSGSEND = YES;
				ENABLE_TESTABILITY = YES;
				GCC_C_LANGUAGE_STANDARD = gnu11;
				GCC_DYNAMIC_NO_PIC = NO;
				GCC_NO_COMMON_BLOCKS = YES;
				GCC_OPTIMIZATION_LEVEL = 0;
				GCC_PREPROCESSOR_DEFINITIONS = (
					"DEBUG=1",
					"$(inherited)",
				);
				GCC_WARN_64_TO_32_BIT_CONVERSION = YES;
				GCC_WARN_ABOUT_RETURN_TYPE = YES_ERROR;
				GCC_WARN_UNDECLARED_SELECTOR = YES;
				GCC_WARN_UNINITIALIZED_AUTOS = YES_AGGRESSIVE;
				GCC_WARN_UNUSED_FUNCTION = YES;
				GCC_WARN_UNUSED_VARIABLE = YES;
				IPHONEOS_DEPLOYMENT_TARGET = 12.1;
				MTL_ENABLE_DEBUG_INFO = INCLUDE_SOURCE;
				MTL_FAST_MATH = YES;
				ONLY_ACTIVE_ARCH = YES;
				SDKROOT = iphoneos;
				SWIFT_ACTIVE_COMPILATION_CONDITIONS = DEBUG;
				SWIFT_OPTIMIZATION_LEVEL = "-Onone";
			};
			name = Debug;
		};
		DEF2C9D921EE04A800920D27 /* Release */ = {
			isa = XCBuildConfiguration;
			buildSettings = {
				ALWAYS_SEARCH_USER_PATHS = NO;
				CLANG_ANALYZER_NONNULL = YES;
				CLANG_ANALYZER_NUMBER_OBJECT_CONVERSION = YES_AGGRESSIVE;
				CLANG_CXX_LANGUAGE_STANDARD = "gnu++14";
				CLANG_CXX_LIBRARY = "libc++";
				CLANG_ENABLE_MODULES = YES;
				CLANG_ENABLE_OBJC_ARC = YES;
				CLANG_ENABLE_OBJC_WEAK = YES;
				CLANG_WARN_BLOCK_CAPTURE_AUTORELEASING = YES;
				CLANG_WARN_BOOL_CONVERSION = YES;
				CLANG_WARN_COMMA = YES;
				CLANG_WARN_CONSTANT_CONVERSION = YES;
				CLANG_WARN_DEPRECATED_OBJC_IMPLEMENTATIONS = YES;
				CLANG_WARN_DIRECT_OBJC_ISA_USAGE = YES_ERROR;
				CLANG_WARN_DOCUMENTATION_COMMENTS = YES;
				CLANG_WARN_EMPTY_BODY = YES;
				CLANG_WARN_ENUM_CONVERSION = YES;
				CLANG_WARN_INFINITE_RECURSION = YES;
				CLANG_WARN_INT_CONVERSION = YES;
				CLANG_WARN_NON_LITERAL_NULL_CONVERSION = YES;
				CLANG_WARN_OBJC_IMPLICIT_RETAIN_SELF = YES;
				CLANG_WARN_OBJC_LITERAL_CONVERSION = YES;
				CLANG_WARN_OBJC_ROOT_CLASS = YES_ERROR;
				CLANG_WARN_RANGE_LOOP_ANALYSIS = YES;
				CLANG_WARN_STRICT_PROTOTYPES = YES;
				CLANG_WARN_SUSPICIOUS_MOVE = YES;
				CLANG_WARN_UNGUARDED_AVAILABILITY = YES_AGGRESSIVE;
				CLANG_WARN_UNREACHABLE_CODE = YES;
				CLANG_WARN__DUPLICATE_METHOD_MATCH = YES;
				CODE_SIGN_IDENTITY = "iPhone Developer";
				COPY_PHASE_STRIP = NO;
				DEBUG_INFORMATION_FORMAT = "dwarf-with-dsym";
				ENABLE_NS_ASSERTIONS = NO;
				ENABLE_STRICT_OBJC_MSGSEND = YES;
				GCC_C_LANGUAGE_STANDARD = gnu11;
				GCC_NO_COMMON_BLOCKS = YES;
				GCC_WARN_64_TO_32_BIT_CONVERSION = YES;
				GCC_WARN_ABOUT_RETURN_TYPE = YES_ERROR;
				GCC_WARN_UNDECLARED_SELECTOR = YES;
				GCC_WARN_UNINITIALIZED_AUTOS = YES_AGGRESSIVE;
				GCC_WARN_UNUSED_FUNCTION = YES;
				GCC_WARN_UNUSED_VARIABLE = YES;
				IPHONEOS_DEPLOYMENT_TARGET = 12.1;
				MTL_ENABLE_DEBUG_INFO = NO;
				MTL_FAST_MATH = YES;
				SDKROOT = iphoneos;
				SWIFT_COMPILATION_MODE = wholemodule;
				SWIFT_OPTIMIZATION_LEVEL = "-O";
				VALIDATE_PRODUCT = YES;
			};
			name = Release;
		};
		DEF2C9DB21EE04A800920D27 /* Debug */ = {
			isa = XCBuildConfiguration;
			baseConfigurationReference = 74BDB5B00D129C4345828F44 /* Pods-TestLibApp.debug.xcconfig */;
			buildSettings = {
				ASSETCATALOG_COMPILER_APPICON_NAME = AppIcon;
				CODE_SIGN_STYLE = Automatic;
				DEVELOPMENT_TEAM = 5788G562A5;
				INFOPLIST_FILE = TestLibApp/Info.plist;
				LD_RUNPATH_SEARCH_PATHS = "$(inherited) @executable_path/Frameworks";
				PRODUCT_BUNDLE_IDENTIFIER = test.TestLibApp;
				PRODUCT_NAME = "$(TARGET_NAME)";
				SWIFT_VERSION = 4.2;
				TARGETED_DEVICE_FAMILY = "1,2";
			};
			name = Debug;
		};
		DEF2C9DC21EE04A800920D27 /* Release */ = {
			isa = XCBuildConfiguration;
			baseConfigurationReference = DD5F1E01304288AE48074A79 /* Pods-TestLibApp.release.xcconfig */;
			buildSettings = {
				ASSETCATALOG_COMPILER_APPICON_NAME = AppIcon;
				CODE_SIGN_STYLE = Automatic;
				DEVELOPMENT_TEAM = 5788G562A5;
				INFOPLIST_FILE = TestLibApp/Info.plist;
				LD_RUNPATH_SEARCH_PATHS = "$(inherited) @executable_path/Frameworks";
				PRODUCT_BUNDLE_IDENTIFIER = test.TestLibApp;
				PRODUCT_NAME = "$(TARGET_NAME)";
				SWIFT_VERSION = 4.2;
				TARGETED_DEVICE_FAMILY = "1,2";
			};
			name = Release;
		};
/* End XCBuildConfiguration section */

/* Begin XCConfigurationList section */
		DEF2C9C321EE04A600920D27 /* Build configuration list for PBXProject "TestLibApp" */ = {
			isa = XCConfigurationList;
			buildConfigurations = (
				DEF2C9D821EE04A800920D27 /* Debug */,
				DEF2C9D921EE04A800920D27 /* Release */,
			);
			defaultConfigurationIsVisible = 0;
			defaultConfigurationName = Release;
		};
		DEF2C9DA21EE04A800920D27 /* Build configuration list for PBXNativeTarget "TestLibApp" */ = {
			isa = XCConfigurationList;
			buildConfigurations = (
				DEF2C9DB21EE04A800920D27 /* Debug */,
				DEF2C9DC21EE04A800920D27 /* Release */,
			);
			defaultConfigurationIsVisible = 0;
			defaultConfigurationName = Release;
		};
/* End XCConfigurationList section */
	};
	rootObject = DEF2C9C021EE04A600920D27 /* Project object */;
}
